// !$*UTF8*$!
{
	archiveVersion = 1;
	classes = {
	};
	objectVersion = 56;
	objects = {

/* Begin PBXBuildFile section */
		563B78D72B418ECF005C8003 /* PostTableViewModel.swift in Sources */ = {isa = PBXBuildFile; fileRef = 563B78D62B418ECF005C8003 /* PostTableViewModel.swift */; };
		563B78D92B418EE1005C8003 /* Post.swift in Sources */ = {isa = PBXBuildFile; fileRef = 563B78D82B418EE1005C8003 /* Post.swift */; };
		563B78DC2B418F01005C8003 /* NetworkManager.swift in Sources */ = {isa = PBXBuildFile; fileRef = 563B78DB2B418F01005C8003 /* NetworkManager.swift */; };
		563B78DE2B418F22005C8003 /* PostTableViewCell.swift in Sources */ = {isa = PBXBuildFile; fileRef = 563B78DD2B418F22005C8003 /* PostTableViewCell.swift */; };
		56B5FBA02B418C350052FFFC /* AppDelegate.swift in Sources */ = {isa = PBXBuildFile; fileRef = 56B5FB9F2B418C350052FFFC /* AppDelegate.swift */; };
		56B5FBA22B418C350052FFFC /* SceneDelegate.swift in Sources */ = {isa = PBXBuildFile; fileRef = 56B5FBA12B418C350052FFFC /* SceneDelegate.swift */; };
		56B5FBA42B418C350052FFFC /* ViewController.swift in Sources */ = {isa = PBXBuildFile; fileRef = 56B5FBA32B418C350052FFFC /* ViewController.swift */; };
		56B5FBA92B418C360052FFFC /* Assets.xcassets in Resources */ = {isa = PBXBuildFile; fileRef = 56B5FBA82B418C360052FFFC /* Assets.xcassets */; };
		56B5FBAC2B418C360052FFFC /* LaunchScreen.storyboard in Resources */ = {isa = PBXBuildFile; fileRef = 56B5FBAA2B418C360052FFFC /* LaunchScreen.storyboard */; };
		56B5FBB72B418C370052FFFC /* AsyncAwaitExampleTests.swift in Sources */ = {isa = PBXBuildFile; fileRef = 56B5FBB62B418C370052FFFC /* AsyncAwaitExampleTests.swift */; };
		56B5FBC12B418C370052FFFC /* AsyncAwaitExampleUITests.swift in Sources */ = {isa = PBXBuildFile; fileRef = 56B5FBC02B418C370052FFFC /* AsyncAwaitExampleUITests.swift */; };
		56B5FBC32B418C370052FFFC /* AsyncAwaitExampleUITestsLaunchTests.swift in Sources */ = {isa = PBXBuildFile; fileRef = 56B5FBC22B418C370052FFFC /* AsyncAwaitExampleUITestsLaunchTests.swift */; };
/* End PBXBuildFile section */

/* Begin PBXContainerItemProxy section */
		56B5FBB32B418C370052FFFC /* PBXContainerItemProxy */ = {
			isa = PBXContainerItemProxy;
			containerPortal = 56B5FB942B418C350052FFFC /* Project object */;
			proxyType = 1;
			remoteGlobalIDString = 56B5FB9B2B418C350052FFFC;
			remoteInfo = AsyncAwaitExample;
		};
		56B5FBBD2B418C370052FFFC /* PBXContainerItemProxy */ = {
			isa = PBXContainerItemProxy;
			containerPortal = 56B5FB942B418C350052FFFC /* Project object */;
			proxyType = 1;
			remoteGlobalIDString = 56B5FB9B2B418C350052FFFC;
			remoteInfo = AsyncAwaitExample;
		};
/* End PBXContainerItemProxy section */

/* Begin PBXFileReference section */
		563B78D62B418ECF005C8003 /* PostTableViewModel.swift */ = {isa = PBXFileReference; lastKnownFileType = sourcecode.swift; path = PostTableViewModel.swift; sourceTree = "<group>"; };
		563B78D82B418EE1005C8003 /* Post.swift */ = {isa = PBXFileReference; lastKnownFileType = sourcecode.swift; path = Post.swift; sourceTree = "<group>"; };
		563B78DB2B418F01005C8003 /* NetworkManager.swift */ = {isa = PBXFileReference; lastKnownFileType = sourcecode.swift; path = NetworkManager.swift; sourceTree = "<group>"; };
		563B78DD2B418F22005C8003 /* PostTableViewCell.swift */ = {isa = PBXFileReference; lastKnownFileType = sourcecode.swift; path = PostTableViewCell.swift; sourceTree = "<group>"; };
		56B5FB9C2B418C350052FFFC /* AsyncAwaitExample.app */ = {isa = PBXFileReference; explicitFileType = wrapper.application; includeInIndex = 0; path = AsyncAwaitExample.app; sourceTree = BUILT_PRODUCTS_DIR; };
		56B5FB9F2B418C350052FFFC /* AppDelegate.swift */ = {isa = PBXFileReference; lastKnownFileType = sourcecode.swift; path = AppDelegate.swift; sourceTree = "<group>"; };
		56B5FBA12B418C350052FFFC /* SceneDelegate.swift */ = {isa = PBXFileReference; lastKnownFileType = sourcecode.swift; path = SceneDelegate.swift; sourceTree = "<group>"; };
		56B5FBA32B418C350052FFFC /* ViewController.swift */ = {isa = PBXFileReference; lastKnownFileType = sourcecode.swift; path = ViewController.swift; sourceTree = "<group>"; };
		56B5FBA82B418C360052FFFC /* Assets.xcassets */ = {isa = PBXFileReference; lastKnownFileType = folder.assetcatalog; path = Assets.xcassets; sourceTree = "<group>"; };
		56B5FBAB2B418C360052FFFC /* Base */ = {isa = PBXFileReference; lastKnownFileType = file.storyboard; name = Base; path = Base.lproj/LaunchScreen.storyboard; sourceTree = "<group>"; };
		56B5FBAD2B418C360052FFFC /* Info.plist */ = {isa = PBXFileReference; lastKnownFileType = text.plist.xml; path = Info.plist; sourceTree = "<group>"; };
		56B5FBB22B418C370052FFFC /* AsyncAwaitExampleTests.xctest */ = {isa = PBXFileReference; explicitFileType = wrapper.cfbundle; includeInIndex = 0; path = AsyncAwaitExampleTests.xctest; sourceTree = BUILT_PRODUCTS_DIR; };
		56B5FBB62B418C370052FFFC /* AsyncAwaitExampleTests.swift */ = {isa = PBXFileReference; lastKnownFileType = sourcecode.swift; path = AsyncAwaitExampleTests.swift; sourceTree = "<group>"; };
		56B5FBBC2B418C370052FFFC /* AsyncAwaitExampleUITests.xctest */ = {isa = PBXFileReference; explicitFileType = wrapper.cfbundle; includeInIndex = 0; path = AsyncAwaitExampleUITests.xctest; sourceTree = BUILT_PRODUCTS_DIR; };
		56B5FBC02B418C370052FFFC /* AsyncAwaitExampleUITests.swift */ = {isa = PBXFileReference; lastKnownFileType = sourcecode.swift; path = AsyncAwaitExampleUITests.swift; sourceTree = "<group>"; };
		56B5FBC22B418C370052FFFC /* AsyncAwaitExampleUITestsLaunchTests.swift */ = {isa = PBXFileReference; lastKnownFileType = sourcecode.swift; path = AsyncAwaitExampleUITestsLaunchTests.swift; sourceTree = "<group>"; };
/* End PBXFileReference section */

/* Begin PBXFrameworksBuildPhase section */
		56B5FB992B418C350052FFFC /* Frameworks */ = {
			isa = PBXFrameworksBuildPhase;
			buildActionMask = 2147483647;
			files = (
			);
			runOnlyForDeploymentPostprocessing = 0;
		};
		56B5FBAF2B418C370052FFFC /* Frameworks */ = {
			isa = PBXFrameworksBuildPhase;
			buildActionMask = 2147483647;
			files = (
			);
			runOnlyForDeploymentPostprocessing = 0;
		};
		56B5FBB92B418C370052FFFC /* Frameworks */ = {
			isa = PBXFrameworksBuildPhase;
			buildActionMask = 2147483647;
			files = (
			);
			runOnlyForDeploymentPostprocessing = 0;
		};
/* End PBXFrameworksBuildPhase section */

/* Begin PBXGroup section */
		563B78D42B418EB7005C8003 /* ViewModel */ = {
			isa = PBXGroup;
			children = (
				563B78D62B418ECF005C8003 /* PostTableViewModel.swift */,
			);
			path = ViewModel;
			sourceTree = "<group>";
		};
		563B78D52B418EBE005C8003 /* Model */ = {
			isa = PBXGroup;
			children = (
				563B78D82B418EE1005C8003 /* Post.swift */,
			);
			path = Model;
			sourceTree = "<group>";
		};
		563B78DA2B418EF6005C8003 /* Network */ = {
			isa = PBXGroup;
			children = (
				563B78DB2B418F01005C8003 /* NetworkManager.swift */,
			);
			path = Network;
			sourceTree = "<group>";
		};
		563B78DF2B418F6C005C8003 /* View */ = {
			isa = PBXGroup;
			children = (
				56B5FBA32B418C350052FFFC /* ViewController.swift */,
				563B78DD2B418F22005C8003 /* PostTableViewCell.swift */,
			);
			path = View;
			sourceTree = "<group>";
		};
		563B78E02B41919C005C8003 /* SupportingFiles */ = {
			isa = PBXGroup;
			children = (
				56B5FB9F2B418C350052FFFC /* AppDelegate.swift */,
				56B5FBA12B418C350052FFFC /* SceneDelegate.swift */,
				56B5FBA82B418C360052FFFC /* Assets.xcassets */,
				56B5FBAA2B418C360052FFFC /* LaunchScreen.storyboard */,
				56B5FBAD2B418C360052FFFC /* Info.plist */,
			);
			path = SupportingFiles;
			sourceTree = "<group>";
		};
		56B5FB932B418C350052FFFC = {
			isa = PBXGroup;
			children = (
				56B5FB9E2B418C350052FFFC /* AsyncAwaitExample */,
				56B5FBB52B418C370052FFFC /* AsyncAwaitExampleTests */,
				56B5FBBF2B418C370052FFFC /* AsyncAwaitExampleUITests */,
				56B5FB9D2B418C350052FFFC /* Products */,
			);
			sourceTree = "<group>";
		};
		56B5FB9D2B418C350052FFFC /* Products */ = {
			isa = PBXGroup;
			children = (
				56B5FB9C2B418C350052FFFC /* AsyncAwaitExample.app */,
				56B5FBB22B418C370052FFFC /* AsyncAwaitExampleTests.xctest */,
				56B5FBBC2B418C370052FFFC /* AsyncAwaitExampleUITests.xctest */,
			);
			name = Products;
			sourceTree = "<group>";
		};
		56B5FB9E2B418C350052FFFC /* AsyncAwaitExample */ = {
			isa = PBXGroup;
			children = (
				563B78DF2B418F6C005C8003 /* View */,
				563B78DA2B418EF6005C8003 /* Network */,
				563B78D52B418EBE005C8003 /* Model */,
				563B78D42B418EB7005C8003 /* ViewModel */,
				563B78E02B41919C005C8003 /* SupportingFiles */,
			);
			path = AsyncAwaitExample;
			sourceTree = "<group>";
		};
		56B5FBB52B418C370052FFFC /* AsyncAwaitExampleTests */ = {
			isa = PBXGroup;
			children = (
				56B5FBB62B418C370052FFFC /* AsyncAwaitExampleTests.swift */,
			);
			path = AsyncAwaitExampleTests;
			sourceTree = "<group>";
		};
		56B5FBBF2B418C370052FFFC /* AsyncAwaitExampleUITests */ = {
			isa = PBXGroup;
			children = (
				56B5FBC02B418C370052FFFC /* AsyncAwaitExampleUITests.swift */,
				56B5FBC22B418C370052FFFC /* AsyncAwaitExampleUITestsLaunchTests.swift */,
			);
			path = AsyncAwaitExampleUITests;
			sourceTree = "<group>";
		};
/* End PBXGroup section */

/* Begin PBXNativeTarget section */
		56B5FB9B2B418C350052FFFC /* AsyncAwaitExample */ = {
			isa = PBXNativeTarget;
			buildConfigurationList = 56B5FBC62B418C370052FFFC /* Build configuration list for PBXNativeTarget "AsyncAwaitExample" */;
			buildPhases = (
				56B5FB982B418C350052FFFC /* Sources */,
				56B5FB992B418C350052FFFC /* Frameworks */,
				56B5FB9A2B418C350052FFFC /* Resources */,
			);
			buildRules = (
			);
			dependencies = (
			);
			name = AsyncAwaitExample;
			productName = AsyncAwaitExample;
			productReference = 56B5FB9C2B418C350052FFFC /* AsyncAwaitExample.app */;
			productType = "com.apple.product-type.application";
		};
		56B5FBB12B418C370052FFFC /* AsyncAwaitExampleTests */ = {
			isa = PBXNativeTarget;
			buildConfigurationList = 56B5FBC92B418C370052FFFC /* Build configuration list for PBXNativeTarget "AsyncAwaitExampleTests" */;
			buildPhases = (
				56B5FBAE2B418C370052FFFC /* Sources */,
				56B5FBAF2B418C370052FFFC /* Frameworks */,
				56B5FBB02B418C370052FFFC /* Resources */,
			);
			buildRules = (
			);
			dependencies = (
				56B5FBB42B418C370052FFFC /* PBXTargetDependency */,
			);
			name = AsyncAwaitExampleTests;
			productName = AsyncAwaitExampleTests;
			productReference = 56B5FBB22B418C370052FFFC /* AsyncAwaitExampleTests.xctest */;
			productType = "com.apple.product-type.bundle.unit-test";
		};
		56B5FBBB2B418C370052FFFC /* AsyncAwaitExampleUITests */ = {
			isa = PBXNativeTarget;
			buildConfigurationList = 56B5FBCC2B418C370052FFFC /* Build configuration list for PBXNativeTarget "AsyncAwaitExampleUITests" */;
			buildPhases = (
				56B5FBB82B418C370052FFFC /* Sources */,
				56B5FBB92B418C370052FFFC /* Frameworks */,
				56B5FBBA2B418C370052FFFC /* Resources */,
			);
			buildRules = (
			);
			dependencies = (
				56B5FBBE2B418C370052FFFC /* PBXTargetDependency */,
			);
			name = AsyncAwaitExampleUITests;
			productName = AsyncAwaitExampleUITests;
			productReference = 56B5FBBC2B418C370052FFFC /* AsyncAwaitExampleUITests.xctest */;
			productType = "com.apple.product-type.bundle.ui-testing";
		};
/* End PBXNativeTarget section */

/* Begin PBXProject section */
		56B5FB942B418C350052FFFC /* Project object */ = {
			isa = PBXProject;
			attributes = {
				BuildIndependentTargetsInParallel = 1;
				LastSwiftUpdateCheck = 1500;
				LastUpgradeCheck = 1500;
				TargetAttributes = {
					56B5FB9B2B418C350052FFFC = {
						CreatedOnToolsVersion = 15.0.1;
					};
					56B5FBB12B418C370052FFFC = {
						CreatedOnToolsVersion = 15.0.1;
						TestTargetID = 56B5FB9B2B418C350052FFFC;
					};
					56B5FBBB2B418C370052FFFC = {
						CreatedOnToolsVersion = 15.0.1;
						TestTargetID = 56B5FB9B2B418C350052FFFC;
					};
				};
			};
			buildConfigurationList = 56B5FB972B418C350052FFFC /* Build configuration list for PBXProject "AsyncAwaitExample" */;
			compatibilityVersion = "Xcode 14.0";
			developmentRegion = en;
			hasScannedForEncodings = 0;
			knownRegions = (
				en,
				Base,
			);
			mainGroup = 56B5FB932B418C350052FFFC;
			productRefGroup = 56B5FB9D2B418C350052FFFC /* Products */;
			projectDirPath = "";
			projectRoot = "";
			targets = (
				56B5FB9B2B418C350052FFFC /* AsyncAwaitExample */,
				56B5FBB12B418C370052FFFC /* AsyncAwaitExampleTests */,
				56B5FBBB2B418C370052FFFC /* AsyncAwaitExampleUITests */,
			);
		};
/* End PBXProject section */

/* Begin PBXResourcesBuildPhase section */
		56B5FB9A2B418C350052FFFC /* Resources */ = {
			isa = PBXResourcesBuildPhase;
			buildActionMask = 2147483647;
			files = (
				56B5FBAC2B418C360052FFFC /* LaunchScreen.storyboard in Resources */,
				56B5FBA92B418C360052FFFC /* Assets.xcassets in Resources */,
			);
			runOnlyForDeploymentPostprocessing = 0;
		};
		56B5FBB02B418C370052FFFC /* Resources */ = {
			isa = PBXResourcesBuildPhase;
			buildActionMask = 2147483647;
			files = (
			);
			runOnlyForDeploymentPostprocessing = 0;
		};
		56B5FBBA2B418C370052FFFC /* Resources */ = {
			isa = PBXResourcesBuildPhase;
			buildActionMask = 2147483647;
			files = (
			);
			runOnlyForDeploymentPostprocessing = 0;
		};
/* End PBXResourcesBuildPhase section */

/* Begin PBXSourcesBuildPhase section */
		56B5FB982B418C350052FFFC /* Sources */ = {
			isa = PBXSourcesBuildPhase;
			buildActionMask = 2147483647;
			files = (
				563B78DE2B418F22005C8003 /* PostTableViewCell.swift in Sources */,
				563B78DC2B418F01005C8003 /* NetworkManager.swift in Sources */,
				56B5FBA42B418C350052FFFC /* ViewController.swift in Sources */,
				563B78D72B418ECF005C8003 /* PostTableViewModel.swift in Sources */,
				56B5FBA02B418C350052FFFC /* AppDelegate.swift in Sources */,
				56B5FBA22B418C350052FFFC /* SceneDelegate.swift in Sources */,
				563B78D92B418EE1005C8003 /* Post.swift in Sources */,
			);
			runOnlyForDeploymentPostprocessing = 0;
		};
		56B5FBAE2B418C370052FFFC /* Sources */ = {
			isa = PBXSourcesBuildPhase;
			buildActionMask = 2147483647;
			files = (
				56B5FBB72B418C370052FFFC /* AsyncAwaitExampleTests.swift in Sources */,
			);
			runOnlyForDeploymentPostprocessing = 0;
		};
		56B5FBB82B418C370052FFFC /* Sources */ = {
			isa = PBXSourcesBuildPhase;
			buildActionMask = 2147483647;
			files = (
				56B5FBC12B418C370052FFFC /* AsyncAwaitExampleUITests.swift in Sources */,
				56B5FBC32B418C370052FFFC /* AsyncAwaitExampleUITestsLaunchTests.swift in Sources */,
			);
			runOnlyForDeploymentPostprocessing = 0;
		};
/* End PBXSourcesBuildPhase section */

/* Begin PBXTargetDependency section */
		56B5FBB42B418C370052FFFC /* PBXTargetDependency */ = {
			isa = PBXTargetDependency;
			target = 56B5FB9B2B418C350052FFFC /* AsyncAwaitExample */;
			targetProxy = 56B5FBB32B418C370052FFFC /* PBXContainerItemProxy */;
		};
		56B5FBBE2B418C370052FFFC /* PBXTargetDependency */ = {
			isa = PBXTargetDependency;
			target = 56B5FB9B2B418C350052FFFC /* AsyncAwaitExample */;
			targetProxy = 56B5FBBD2B418C370052FFFC /* PBXContainerItemProxy */;
		};
/* End PBXTargetDependency section */

/* Begin PBXVariantGroup section */
		56B5FBAA2B418C360052FFFC /* LaunchScreen.storyboard */ = {
			isa = PBXVariantGroup;
			children = (
				56B5FBAB2B418C360052FFFC /* Base */,
			);
			name = LaunchScreen.storyboard;
			sourceTree = "<group>";
		};
/* End PBXVariantGroup section */

/* Begin XCBuildConfiguration section */
		56B5FBC42B418C370052FFFC /* Debug */ = {
			isa = XCBuildConfiguration;
			buildSettings = {
				ALWAYS_SEARCH_USER_PATHS = NO;
				ASSETCATALOG_COMPILER_GENERATE_SWIFT_ASSET_SYMBOL_EXTENSIONS = YES;
				CLANG_ANALYZER_NONNULL = YES;
				CLANG_ANALYZER_NUMBER_OBJECT_CONVERSION = YES_AGGRESSIVE;
				CLANG_CXX_LANGUAGE_STANDARD = "gnu++20";
				CLANG_ENABLE_MODULES = YES;
				CLANG_ENABLE_OBJC_ARC = YES;
				CLANG_ENABLE_OBJC_WEAK = YES;
				CLANG_WARN_BLOCK_CAPTURE_AUTORELEASING = YES;
				CLANG_WARN_BOOL_CONVERSION = YES;
				CLANG_WARN_COMMA = YES;
				CLANG_WARN_CONSTANT_CONVERSION = YES;
				CLANG_WARN_DEPRECATED_OBJC_IMPLEMENTATIONS = YES;
				CLANG_WARN_DIRECT_OBJC_ISA_USAGE = YES_ERROR;
				CLANG_WARN_DOCUMENTATION_COMMENTS = YES;
				CLANG_WARN_EMPTY_BODY = YES;
				CLANG_WARN_ENUM_CONVERSION = YES;
				CLANG_WARN_INFINITE_RECURSION = YES;
				CLANG_WARN_INT_CONVERSION = YES;
				CLANG_WARN_NON_LITERAL_NULL_CONVERSION = YES;
				CLANG_WARN_OBJC_IMPLICIT_RETAIN_SELF = YES;
				CLANG_WARN_OBJC_LITERAL_CONVERSION = YES;
				CLANG_WARN_OBJC_ROOT_CLASS = YES_ERROR;
				CLANG_WARN_QUOTED_INCLUDE_IN_FRAMEWORK_HEADER = YES;
				CLANG_WARN_RANGE_LOOP_ANALYSIS = YES;
				CLANG_WARN_STRICT_PROTOTYPES = YES;
				CLANG_WARN_SUSPICIOUS_MOVE = YES;
				CLANG_WARN_UNGUARDED_AVAILABILITY = YES_AGGRESSIVE;
				CLANG_WARN_UNREACHABLE_CODE = YES;
				CLANG_WARN__DUPLICATE_METHOD_MATCH = YES;
				COPY_PHASE_STRIP = NO;
				DEBUG_INFORMATION_FORMAT = dwarf;
				ENABLE_STRICT_OBJC_MSGSEND = YES;
				ENABLE_TESTABILITY = YES;
				ENABLE_USER_SCRIPT_SANDBOXING = YES;
				GCC_C_LANGUAGE_STANDARD = gnu17;
				GCC_DYNAMIC_NO_PIC = NO;
				GCC_NO_COMMON_BLOCKS = YES;
				GCC_OPTIMIZATION_LEVEL = 0;
				GCC_PREPROCESSOR_DEFINITIONS = (
					"DEBUG=1",
					"$(inherited)",
				);
				GCC_WARN_64_TO_32_BIT_CONVERSION = YES;
				GCC_WARN_ABOUT_RETURN_TYPE = YES_ERROR;
				GCC_WARN_UNDECLARED_SELECTOR = YES;
				GCC_WARN_UNINITIALIZED_AUTOS = YES_AGGRESSIVE;
				GCC_WARN_UNUSED_FUNCTION = YES;
				GCC_WARN_UNUSED_VARIABLE = YES;
				IPHONEOS_DEPLOYMENT_TARGET = 17.0;
				LOCALIZATION_PREFERS_STRING_CATALOGS = YES;
				MTL_ENABLE_DEBUG_INFO = INCLUDE_SOURCE;
				MTL_FAST_MATH = YES;
				ONLY_ACTIVE_ARCH = YES;
				SDKROOT = iphoneos;
				SWIFT_ACTIVE_COMPILATION_CONDITIONS = "DEBUG $(inherited)";
				SWIFT_OPTIMIZATION_LEVEL = "-Onone";
			};
			name = Debug;
		};
		56B5FBC52B418C370052FFFC /* Release */ = {
			isa = XCBuildConfiguration;
			buildSettings = {
				ALWAYS_SEARCH_USER_PATHS = NO;
				ASSETCATALOG_COMPILER_GENERATE_SWIFT_ASSET_SYMBOL_EXTENSIONS = YES;
				CLANG_ANALYZER_NONNULL = YES;
				CLANG_ANALYZER_NUMBER_OBJECT_CONVERSION = YES_AGGRESSIVE;
				CLANG_CXX_LANGUAGE_STANDARD = "gnu++20";
				CLANG_ENABLE_MODULES = YES;
				CLANG_ENABLE_OBJC_ARC = YES;
				CLANG_ENABLE_OBJC_WEAK = YES;
				CLANG_WARN_BLOCK_CAPTURE_AUTORELEASING = YES;
				CLANG_WARN_BOOL_CONVERSION = YES;
				CLANG_WARN_COMMA = YES;
				CLANG_WARN_CONSTANT_CONVERSION = YES;
				CLANG_WARN_DEPRECATED_OBJC_IMPLEMENTATIONS = YES;
				CLANG_WARN_DIRECT_OBJC_ISA_USAGE = YES_ERROR;
				CLANG_WARN_DOCUMENTATION_COMMENTS = YES;
				CLANG_WARN_EMPTY_BODY = YES;
				CLANG_WARN_ENUM_CONVERSION = YES;
				CLANG_WARN_INFINITE_RECURSION = YES;
				CLANG_WARN_INT_CONVERSION = YES;
				CLANG_WARN_NON_LITERAL_NULL_CONVERSION = YES;
				CLANG_WARN_OBJC_IMPLICIT_RETAIN_SELF = YES;
				CLANG_WARN_OBJC_LITERAL_CONVERSION = YES;
				CLANG_WARN_OBJC_ROOT_CLASS = YES_ERROR;
				CLANG_WARN_QUOTED_INCLUDE_IN_FRAMEWORK_HEADER = YES;
				CLANG_WARN_RANGE_LOOP_ANALYSIS = YES;
				CLANG_WARN_STRICT_PROTOTYPES = YES;
				CLANG_WARN_SUSPICIOUS_MOVE = YES;
				CLANG_WARN_UNGUARDED_AVAILABILITY = YES_AGGRESSIVE;
				CLANG_WARN_UNREACHABLE_CODE = YES;
				CLANG_WARN__DUPLICATE_METHOD_MATCH = YES;
				COPY_PHASE_STRIP = NO;
				DEBUG_INFORMATION_FORMAT = "dwarf-with-dsym";
				ENABLE_NS_ASSERTIONS = NO;
				ENABLE_STRICT_OBJC_MSGSEND = YES;
				ENABLE_USER_SCRIPT_SANDBOXING = YES;
				GCC_C_LANGUAGE_STANDARD = gnu17;
				GCC_NO_COMMON_BLOCKS = YES;
				GCC_WARN_64_TO_32_BIT_CONVERSION = YES;
				GCC_WARN_ABOUT_RETURN_TYPE = YES_ERROR;
				GCC_WARN_UNDECLARED_SELECTOR = YES;
				GCC_WARN_UNINITIALIZED_AUTOS = YES_AGGRESSIVE;
				GCC_WARN_UNUSED_FUNCTION = YES;
				GCC_WARN_UNUSED_VARIABLE = YES;
				IPHONEOS_DEPLOYMENT_TARGET = 17.0;
				LOCALIZATION_PREFERS_STRING_CATALOGS = YES;
				MTL_ENABLE_DEBUG_INFO = NO;
				MTL_FAST_MATH = YES;
				SDKROOT = iphoneos;
				SWIFT_COMPILATION_MODE = wholemodule;
				VALIDATE_PRODUCT = YES;
			};
			name = Release;
		};
		56B5FBC72B418C370052FFFC /* Debug */ = {
			isa = XCBuildConfiguration;
			buildSettings = {
				ASSETCATALOG_COMPILER_APPICON_NAME = AppIcon;
				ASSETCATALOG_COMPILER_GLOBAL_ACCENT_COLOR_NAME = AccentColor;
				CODE_SIGN_STYLE = Automatic;
				CURRENT_PROJECT_VERSION = 1;
				DEVELOPMENT_TEAM = 3KZP62644C;
				GENERATE_INFOPLIST_FILE = YES;
				INFOPLIST_FILE = AsyncAwaitExample/SupportingFiles/Info.plist;
				INFOPLIST_KEY_UIApplicationSupportsIndirectInputEvents = YES;
				INFOPLIST_KEY_UILaunchStoryboardName = LaunchScreen;
				INFOPLIST_KEY_UISupportedInterfaceOrientations_iPad = "UIInterfaceOrientationPortrait UIInterfaceOrientationPortraitUpsideDown UIInterfaceOrientationLandscapeLeft UIInterfaceOrientationLandscapeRight";
				INFOPLIST_KEY_UISupportedInterfaceOrientations_iPhone = "UIInterfaceOrientationPortrait UIInterfaceOrientationLandscapeLeft UIInterfaceOrientationLandscapeRight";
				LD_RUNPATH_SEARCH_PATHS = (
					"$(inherited)",
					"@executable_path/Frameworks",
				);
				MARKETING_VERSION = 1.0;
				PRODUCT_BUNDLE_IDENTIFIER = com.greenlamp.seungmin.AsyncAwaitExample;
				PRODUCT_NAME = "$(TARGET_NAME)";
				SWIFT_EMIT_LOC_STRINGS = YES;
				SWIFT_VERSION = 5.0;
				TARGETED_DEVICE_FAMILY = "1,2";
			};
			name = Debug;
		};
		56B5FBC82B418C370052FFFC /* Release */ = {
			isa = XCBuildConfiguration;
			buildSettings = {
				ASSETCATALOG_COMPILER_APPICON_NAME = AppIcon;
				ASSETCATALOG_COMPILER_GLOBAL_ACCENT_COLOR_NAME = AccentColor;
				CODE_SIGN_STYLE = Automatic;
				CURRENT_PROJECT_VERSION = 1;
				DEVELOPMENT_TEAM = 3KZP62644C;
				GENERATE_INFOPLIST_FILE = YES;
				INFOPLIST_FILE = AsyncAwaitExample/SupportingFiles/Info.plist;
				INFOPLIST_KEY_UIApplicationSupportsIndirectInputEvents = YES;
				INFOPLIST_KEY_UILaunchStoryboardName = LaunchScreen;
				INFOPLIST_KEY_UISupportedInterfaceOrientations_iPad = "UIInterfaceOrientationPortrait UIInterfaceOrientationPortraitUpsideDown UIInterfaceOrientationLandscapeLeft UIInterfaceOrientationLandscapeRight";
				INFOPLIST_KEY_UISupportedInterfaceOrientations_iPhone = "UIInterfaceOrientationPortrait UIInterfaceOrientationLandscapeLeft UIInterfaceOrientationLandscapeRight";
				LD_RUNPATH_SEARCH_PATHS = (
					"$(inherited)",
					"@executable_path/Frameworks",
				);
				MARKETING_VERSION = 1.0;
				PRODUCT_BUNDLE_IDENTIFIER = com.greenlamp.seungmin.AsyncAwaitExample;
				PRODUCT_NAME = "$(TARGET_NAME)";
				SWIFT_EMIT_LOC_STRINGS = YES;
				SWIFT_VERSION = 5.0;
				TARGETED_DEVICE_FAMILY = "1,2";
			};
			name = Release;
		};
		56B5FBCA2B418C370052FFFC /* Debug */ = {
			isa = XCBuildConfiguration;
			buildSettings = {
				ALWAYS_EMBED_SWIFT_STANDARD_LIBRARIES = YES;
				BUNDLE_LOADER = "$(TEST_HOST)";
				CODE_SIGN_STYLE = Automatic;
				CURRENT_PROJECT_VERSION = 1;
				DEVELOPMENT_TEAM = 3KZP62644C;
				GENERATE_INFOPLIST_FILE = YES;
				IPHONEOS_DEPLOYMENT_TARGET = 17.0;
				MARKETING_VERSION = 1.0;
				PRODUCT_BUNDLE_IDENTIFIER = com.greenlamp.seungmin.AsyncAwaitExampleTests;
				PRODUCT_NAME = "$(TARGET_NAME)";
				SWIFT_EMIT_LOC_STRINGS = NO;
				SWIFT_VERSION = 5.0;
				TARGETED_DEVICE_FAMILY = "1,2";
				TEST_HOST = "$(BUILT_PRODUCTS_DIR)/AsyncAwaitExample.app/$(BUNDLE_EXECUTABLE_FOLDER_PATH)/AsyncAwaitExample";
			};
			name = Debug;
		};
		56B5FBCB2B418C370052FFFC /* Release */ = {
			isa = XCBuildConfiguration;
			buildSettings = {
				ALWAYS_EMBED_SWIFT_STANDARD_LIBRARIES = YES;
				BUNDLE_LOADER = "$(TEST_HOST)";
				CODE_SIGN_STYLE = Automatic;
				CURRENT_PROJECT_VERSION = 1;
				DEVELOPMENT_TEAM = 3KZP62644C;
				GENERATE_INFOPLIST_FILE = YES;
				IPHONEOS_DEPLOYMENT_TARGET = 17.0;
				MARKETING_VERSION = 1.0;
				PRODUCT_BUNDLE_IDENTIFIER = com.greenlamp.seungmin.AsyncAwaitExampleTests;
				PRODUCT_NAME = "$(TARGET_NAME)";
				SWIFT_EMIT_LOC_STRINGS = NO;
				SWIFT_VERSION = 5.0;
				TARGETED_DEVICE_FAMILY = "1,2";
				TEST_HOST = "$(BUILT_PRODUCTS_DIR)/AsyncAwaitExample.app/$(BUNDLE_EXECUTABLE_FOLDER_PATH)/AsyncAwaitExample";
			};
			name = Release;
		};
		56B5FBCD2B418C370052FFFC /* Debug */ = {
			isa = XCBuildConfiguration;
			buildSettings = {
				ALWAYS_EMBED_SWIFT_STANDARD_LIBRARIES = YES;
				CODE_SIGN_STYLE = Automatic;
				CURRENT_PROJECT_VERSION = 1;
				DEVELOPMENT_TEAM = 3KZP62644C;
				GENERATE_INFOPLIST_FILE = YES;
				MARKETING_VERSION = 1.0;
				PRODUCT_BUNDLE_IDENTIFIER = com.greenlamp.seungmin.AsyncAwaitExampleUITests;
				PRODUCT_NAME = "$(TARGET_NAME)";
				SWIFT_EMIT_LOC_STRINGS = NO;
				SWIFT_VERSION = 5.0;
				TARGETED_DEVICE_FAMILY = "1,2";
				TEST_TARGET_NAME = AsyncAwaitExample;
			};
			name = Debug;
		};
		56B5FBCE2B418C370052FFFC /* Release */ = {
			isa = XCBuildConfiguration;
			buildSettings = {
				ALWAYS_EMBED_SWIFT_STANDARD_LIBRARIES = YES;
				CODE_SIGN_STYLE = Automatic;
				CURRENT_PROJECT_VERSION = 1;
				DEVELOPMENT_TEAM = 3KZP62644C;
				GENERATE_INFOPLIST_FILE = YES;
				MARKETING_VERSION = 1.0;
				PRODUCT_BUNDLE_IDENTIFIER = com.greenlamp.seungmin.AsyncAwaitExampleUITests;
				PRODUCT_NAME = "$(TARGET_NAME)";
				SWIFT_EMIT_LOC_STRINGS = NO;
				SWIFT_VERSION = 5.0;
				TARGETED_DEVICE_FAMILY = "1,2";
				TEST_TARGET_NAME = AsyncAwaitExample;
			};
			name = Release;
		};
/* End XCBuildConfiguration section */

/* Begin XCConfigurationList section */
		56B5FB972B418C350052FFFC /* Build configuration list for PBXProject "AsyncAwaitExample" */ = {
			isa = XCConfigurationList;
			buildConfigurations = (
				56B5FBC42B418C370052FFFC /* Debug */,
				56B5FBC52B418C370052FFFC /* Release */,
			);
			defaultConfigurationIsVisible = 0;
			defaultConfigurationName = Release;
		};
		56B5FBC62B418C370052FFFC /* Build configuration list for PBXNativeTarget "AsyncAwaitExample" */ = {
			isa = XCConfigurationList;
			buildConfigurations = (
				56B5FBC72B418C370052FFFC /* Debug */,
				56B5FBC82B418C370052FFFC /* Release */,
			);
			defaultConfigurationIsVisible = 0;
			defaultConfigurationName = Release;
		};
		56B5FBC92B418C370052FFFC /* Build configuration list for PBXNativeTarget "AsyncAwaitExampleTests" */ = {
			isa = XCConfigurationList;
			buildConfigurations = (
				56B5FBCA2B418C370052FFFC /* Debug */,
				56B5FBCB2B418C370052FFFC /* Release */,
			);
			defaultConfigurationIsVisible = 0;
			defaultConfigurationName = Release;
		};
		56B5FBCC2B418C370052FFFC /* Build configuration list for PBXNativeTarget "AsyncAwaitExampleUITests" */ = {
			isa = XCConfigurationList;
			buildConfigurations = (
				56B5FBCD2B418C370052FFFC /* Debug */,
				56B5FBCE2B418C370052FFFC /* Release */,
			);
			defaultConfigurationIsVisible = 0;
			defaultConfigurationName = Release;
		};
/* End XCConfigurationList section */
	};
	rootObject = 56B5FB942B418C350052FFFC /* Project object */;
}
